
Microsoft Visual Studio Solution File, Format Version 12.00
Project("{FAE04EC0-301F-11D3-BF4B-00C04F79EFBC}") = "AdventOfCode", "AdventOfCode\AdventOfCode.csproj", "{0436E18C-2386-40ED-8231-6865005842B7}"
EndProject
Project("{FAE04EC0-301F-11D3-BF4B-00C04F79EFBC}") = "AdventOfCodeTests", "AdventOfCodeTests\AdventOfCodeTests.csproj", "{3F9E2785-BE29-435D-A32E-9669D17B923E}"
EndProject
Global
	GlobalSection(SolutionConfigurationPlatforms) = preSolution
		Debug|Any CPU = Debug|Any CPU
		Release|Any CPU = Release|Any CPU
	EndGlobalSection
	GlobalSection(ProjectConfigurationPlatforms) = postSolution
		{0436E18C-2386-40ED-8231-6865005842B7}.Debug|Any CPU.ActiveCfg = Debug|Any CPU
		{0436E18C-2386-40ED-8231-6865005842B7}.Debug|Any CPU.Build.0 = Debug|Any CPU
		{0436E18C-2386-40ED-8231-6865005842B7}.Release|Any CPU.ActiveCfg = Release|Any CPU
		{0436E18C-2386-40ED-8231-6865005842B7}.Release|Any CPU.Build.0 = Release|Any CPU
		{3F9E2785-BE29-435D-A32E-9669D17B923E}.Debug|Any CPU.ActiveCfg = Debug|Any CPU
		{3F9E2785-BE29-435D-A32E-9669D17B923E}.Debug|Any CPU.Build.0 = Debug|Any CPU
		{3F9E2785-BE29-435D-A32E-9669D17B923E}.Release|Any CPU.ActiveCfg = Release|Any CPU
		{3F9E2785-BE29-435D-A32E-9669D17B923E}.Release|Any CPU.Build.0 = Release|Any CPU
	EndGlobalSection
EndGlobal
